
Microsoft Visual Studio Solution File, Format Version 12.00
# Visual Studio Version 16
VisualStudioVersion = 16.0.31025.194
MinimumVisualStudioVersion = 10.0.40219.1
Project("{FAE04EC0-301F-11D3-BF4B-00C04F79EFBC}") = "GenericsExample", "GenericsExample\GenericsExample.csproj", "{4F273182-1645-4FDC-94CC-5BDA445737F7}"
EndProject
Global
	GlobalSection(SolutionConfigurationPlatforms) = preSolution
		Debug|Any CPU = Debug|Any CPU
		Release|Any CPU = Release|Any CPU
	EndGlobalSection
	GlobalSection(ProjectConfigurationPlatforms) = postSolution
		{4F273182-1645-4FDC-94CC-5BDA445737F7}.Debug|Any CPU.ActiveCfg = Debug|Any CPU
		{4F273182-1645-4FDC-94CC-5BDA445737F7}.Debug|Any CPU.Build.0 = Debug|Any CPU
		{4F273182-1645-4FDC-94CC-5BDA445737F7}.Release|Any CPU.ActiveCfg = Release|Any CPU
		{4F273182-1645-4FDC-94CC-5BDA445737F7}.Release|Any CPU.Build.0 = Release|Any CPU
	EndGlobalSection
	GlobalSection(SolutionProperties) = preSolution
		HideSolutionNode = FALSE
	EndGlobalSection
	GlobalSection(ExtensibilityGlobals) = postSolution
		SolutionGuid = {DB3D9D9A-9400-4AFE-8772-192B8D7BB667}
	EndGlobalSection
EndGlobal
